
Microsoft Visual Studio Solution File, Format Version 12.00
# Visual Studio Version 17
VisualStudioVersion = 17.2.32616.157
MinimumVisualStudioVersion = 10.0.40219.1
Project("{9A19103F-16F7-4668-BE54-9A1E7A4F7556}") = "PosNegRatios", "PosNegRatios\PosNegRatios.csproj", "{10DD40AE-E57C-4977-8515-F396AE0240BA}"
EndProject
Project("{9A19103F-16F7-4668-BE54-9A1E7A4F7556}") = "MinMaxSum", "MinMaxSum\MinMaxSum.csproj", "{CC2BACA0-B884-4854-B98C-3C551610642F}"
EndProject
Project("{9A19103F-16F7-4668-BE54-9A1E7A4F7556}") = "TimeConversion", "TimeConversion\TimeConversion.csproj", "{9B1C0A54-7609-4840-B356-24CB594A0F6F}"
EndProject
Project("{9A19103F-16F7-4668-BE54-9A1E7A4F7556}") = "Test1", "Test1\Test1.csproj", "{56B744C8-F53F-41C3-B1CF-F440F370614B}"
EndProject
Project("{9A19103F-16F7-4668-BE54-9A1E7A4F7556}") = "LonleyInteger", "LonleyInteger\LonleyInteger.csproj", "{00F01962-287B-4240-8419-8366E590E7C3}"
EndProject
Project("{9A19103F-16F7-4668-BE54-9A1E7A4F7556}") = "DiagonalDifference", "DiagonalDifference\DiagonalDifference.csproj", "{F991166B-3127-458E-9B48-B21AA941563F}"
EndProject
Project("{9A19103F-16F7-4668-BE54-9A1E7A4F7556}") = "CountingSort1", "CountingSort1\CountingSort1.csproj", "{B716BB19-97B3-4A28-B4E8-3A72579D9F81}"
EndProject
Project("{9A19103F-16F7-4668-BE54-9A1E7A4F7556}") = "Test2", "Test2\Test2.csproj", "{157AE277-706F-4D8F-AB08-E070E198C840}"
EndProject
Project("{FAE04EC0-301F-11D3-BF4B-00C04F79EFBC}") = "TowerBreakers", "TowerBreakers\TowerBreakers.csproj", "{ECBF6B97-60DD-4488-AF14-DEDCBD5A410A}"
EndProject
Global
	GlobalSection(SolutionConfigurationPlatforms) = preSolution
		Debug|Any CPU = Debug|Any CPU
		Release|Any CPU = Release|Any CPU
	EndGlobalSection
	GlobalSection(ProjectConfigurationPlatforms) = postSolution
		{10DD40AE-E57C-4977-8515-F396AE0240BA}.Debug|Any CPU.ActiveCfg = Debug|Any CPU
		{10DD40AE-E57C-4977-8515-F396AE0240BA}.Debug|Any CPU.Build.0 = Debug|Any CPU
		{10DD40AE-E57C-4977-8515-F396AE0240BA}.Release|Any CPU.ActiveCfg = Release|Any CPU
		{10DD40AE-E57C-4977-8515-F396AE0240BA}.Release|Any CPU.Build.0 = Release|Any CPU
		{CC2BACA0-B884-4854-B98C-3C551610642F}.Debug|Any CPU.ActiveCfg = Debug|Any CPU
		{CC2BACA0-B884-4854-B98C-3C551610642F}.Debug|Any CPU.Build.0 = Debug|Any CPU
		{CC2BACA0-B884-4854-B98C-3C551610642F}.Release|Any CPU.ActiveCfg = Release|Any CPU
		{CC2BACA0-B884-4854-B98C-3C551610642F}.Release|Any CPU.Build.0 = Release|Any CPU
		{9B1C0A54-7609-4840-B356-24CB594A0F6F}.Debug|Any CPU.ActiveCfg = Debug|Any CPU
		{9B1C0A54-7609-4840-B356-24CB594A0F6F}.Debug|Any CPU.Build.0 = Debug|Any CPU
		{9B1C0A54-7609-4840-B356-24CB594A0F6F}.Release|Any CPU.ActiveCfg = Release|Any CPU
		{9B1C0A54-7609-4840-B356-24CB594A0F6F}.Release|Any CPU.Build.0 = Release|Any CPU
		{56B744C8-F53F-41C3-B1CF-F440F370614B}.Debug|Any CPU.ActiveCfg = Debug|Any CPU
		{56B744C8-F53F-41C3-B1CF-F440F370614B}.Debug|Any CPU.Build.0 = Debug|Any CPU
		{56B744C8-F53F-41C3-B1CF-F440F370614B}.Release|Any CPU.ActiveCfg = Release|Any CPU
		{56B744C8-F53F-41C3-B1CF-F440F370614B}.Release|Any CPU.Build.0 = Release|Any CPU
		{00F01962-287B-4240-8419-8366E590E7C3}.Debug|Any CPU.ActiveCfg = Debug|Any CPU
		{00F01962-287B-4240-8419-8366E590E7C3}.Debug|Any CPU.Build.0 = Debug|Any CPU
		{00F01962-287B-4240-8419-8366E590E7C3}.Release|Any CPU.ActiveCfg = Release|Any CPU
		{00F01962-287B-4240-8419-8366E590E7C3}.Release|Any CPU.Build.0 = Release|Any CPU
		{F991166B-3127-458E-9B48-B21AA941563F}.Debug|Any CPU.ActiveCfg = Debug|Any CPU
		{F991166B-3127-458E-9B48-B21AA941563F}.Debug|Any CPU.Build.0 = Debug|Any CPU
		{F991166B-3127-458E-9B48-B21AA941563F}.Release|Any CPU.ActiveCfg = Release|Any CPU
		{F991166B-3127-458E-9B48-B21AA941563F}.Release|Any CPU.Build.0 = Release|Any CPU
		{B716BB19-97B3-4A28-B4E8-3A72579D9F81}.Debug|Any CPU.ActiveCfg = Debug|Any CPU
		{B716BB19-97B3-4A28-B4E8-3A72579D9F81}.Debug|Any CPU.Build.0 = Debug|Any CPU
		{B716BB19-97B3-4A28-B4E8-3A72579D9F81}.Release|Any CPU.ActiveCfg = Release|Any CPU
		{B716BB19-97B3-4A28-B4E8-3A72579D9F81}.Release|Any CPU.Build.0 = Release|Any CPU
		{157AE277-706F-4D8F-AB08-E070E198C840}.Debug|Any CPU.ActiveCfg = Debug|Any CPU
		{157AE277-706F-4D8F-AB08-E070E198C840}.Debug|Any CPU.Build.0 = Debug|Any CPU
		{157AE277-706F-4D8F-AB08-E070E198C840}.Release|Any CPU.ActiveCfg = Release|Any CPU
		{157AE277-706F-4D8F-AB08-E070E198C840}.Release|Any CPU.Build.0 = Release|Any CPU
		{ECBF6B97-60DD-4488-AF14-DEDCBD5A410A}.Debug|Any CPU.ActiveCfg = Debug|Any CPU
		{ECBF6B97-60DD-4488-AF14-DEDCBD5A410A}.Debug|Any CPU.Build.0 = Debug|Any CPU
		{ECBF6B97-60DD-4488-AF14-DEDCBD5A410A}.Release|Any CPU.ActiveCfg = Release|Any CPU
		{ECBF6B97-60DD-4488-AF14-DEDCBD5A410A}.Release|Any CPU.Build.0 = Release|Any CPU
	EndGlobalSection
	GlobalSection(SolutionProperties) = preSolution
		HideSolutionNode = FALSE
	EndGlobalSection
	GlobalSection(ExtensibilityGlobals) = postSolution
		SolutionGuid = {CC7AC545-36E3-421C-ADD6-D5D3ED7CA854}
	EndGlobalSection
EndGlobal
